
Microsoft Visual Studio Solution File, Format Version 12.00
# Visual Studio 15
VisualStudioVersion = 15.0.28307.645
MinimumVisualStudioVersion = 10.0.40219.1
Project("{FAE04EC0-301F-11D3-BF4B-00C04F79EFBC}") = "BehaviorTreeEditor", "BehaviorTreeEditor\BehaviorTreeEditor.csproj", "{F7483A08-6AC6-4F48-A91B-074AABB9660F}"
EndProject
Project("{FAE04EC0-301F-11D3-BF4B-00C04F79EFBC}") = "SerializeTest", "SerializeTest\SerializeTest.csproj", "{774D7C03-E02A-4E96-AFAA-F6F278F56394}"
EndProject
Project("{FAE04EC0-301F-11D3-BF4B-00C04F79EFBC}") = "BehaviorTreeData", "BehaviorTreeData\BehaviorTreeData.csproj", "{D62B5446-97C2-4B94-8D52-D05132CA71B4}"
EndProject
Global
	GlobalSection(SolutionConfigurationPlatforms) = preSolution
		Debug|Any CPU = Debug|Any CPU
		Release|Any CPU = Release|Any CPU
	EndGlobalSection
	GlobalSection(ProjectConfigurationPlatforms) = postSolution
		{F7483A08-6AC6-4F48-A91B-074AABB9660F}.Debug|Any CPU.ActiveCfg = Debug|Any CPU
		{F7483A08-6AC6-4F48-A91B-074AABB9660F}.Debug|Any CPU.Build.0 = Debug|Any CPU
		{F7483A08-6AC6-4F48-A91B-074AABB9660F}.Release|Any CPU.ActiveCfg = Release|Any CPU
		{F7483A08-6AC6-4F48-A91B-074AABB9660F}.Release|Any CPU.Build.0 = Release|Any CPU
		{774D7C03-E02A-4E96-AFAA-F6F278F56394}.Debug|Any CPU.ActiveCfg = Debug|Any CPU
		{774D7C03-E02A-4E96-AFAA-F6F278F56394}.Debug|Any CPU.Build.0 = Debug|Any CPU
		{774D7C03-E02A-4E96-AFAA-F6F278F56394}.Release|Any CPU.ActiveCfg = Release|Any CPU
		{774D7C03-E02A-4E96-AFAA-F6F278F56394}.Release|Any CPU.Build.0 = Release|Any CPU
		{D62B5446-97C2-4B94-8D52-D05132CA71B4}.Debug|Any CPU.ActiveCfg = Debug|Any CPU
		{D62B5446-97C2-4B94-8D52-D05132CA71B4}.Debug|Any CPU.Build.0 = Debug|Any CPU
		{D62B5446-97C2-4B94-8D52-D05132CA71B4}.Release|Any CPU.ActiveCfg = Release|Any CPU
		{D62B5446-97C2-4B94-8D52-D05132CA71B4}.Release|Any CPU.Build.0 = Release|Any CPU
	EndGlobalSection
	GlobalSection(SolutionProperties) = preSolution
		HideSolutionNode = FALSE
	EndGlobalSection
	GlobalSection(ExtensibilityGlobals) = postSolution
		SolutionGuid = {15D148CB-5782-4215-B091-D19E68DC5053}
	EndGlobalSection
EndGlobal
