
Microsoft Visual Studio Solution File, Format Version 12.00
# Visual Studio 15
Project("{FAE04EC0-301F-11D3-BF4B-00C04F79EFBC}") = "BehaviorTreeUnity", "BehaviorTreeUnity.csproj", "{D15277CB-FBD9-9330-CDD0-0AA5B407C97D}"
EndProject
Project("{FAE04EC0-301F-11D3-BF4B-00C04F79EFBC}") = "BehaviorTreeUnity.Editor", "BehaviorTreeUnity.Editor.csproj", "{C9C6508F-169D-86B1-4457-F236A76ED30F}"
EndProject
Global
	GlobalSection(SolutionConfigurationPlatforms) = preSolution
		Debug|Any CPU = Debug|Any CPU
		Release|Any CPU = Release|Any CPU
	EndGlobalSection
	GlobalSection(ProjectConfigurationPlatforms) = postSolution
		{D15277CB-FBD9-9330-CDD0-0AA5B407C97D}.Debug|Any CPU.ActiveCfg = Debug|Any CPU
		{D15277CB-FBD9-9330-CDD0-0AA5B407C97D}.Debug|Any CPU.Build.0 = Debug|Any CPU
		{D15277CB-FBD9-9330-CDD0-0AA5B407C97D}.Release|Any CPU.ActiveCfg = Release|Any CPU
		{D15277CB-FBD9-9330-CDD0-0AA5B407C97D}.Release|Any CPU.Build.0 = Release|Any CPU
		{C9C6508F-169D-86B1-4457-F236A76ED30F}.Debug|Any CPU.ActiveCfg = Debug|Any CPU
		{C9C6508F-169D-86B1-4457-F236A76ED30F}.Debug|Any CPU.Build.0 = Debug|Any CPU
		{C9C6508F-169D-86B1-4457-F236A76ED30F}.Release|Any CPU.ActiveCfg = Release|Any CPU
		{C9C6508F-169D-86B1-4457-F236A76ED30F}.Release|Any CPU.Build.0 = Release|Any CPU
	EndGlobalSection
	GlobalSection(SolutionProperties) = preSolution
		HideSolutionNode = FALSE
	EndGlobalSection
EndGlobal
